
Microsoft Visual Studio Solution File, Format Version 12.00
# Visual Studio Version 16
VisualStudioVersion = 25.0.1704.2
MinimumVisualStudioVersion = 10.0.40219.1
Project("{FAE04EC0-301F-11D3-BF4B-00C04F79EFBC}") = "JessicaZanon_Class08", "JessicaZanon_Class08\JessicaZanon_Class08.csproj", "{A82C1245-F8E3-4DD5-AEF1-0E7BD7BDDF78}"
EndProject
Global
	GlobalSection(SolutionConfigurationPlatforms) = preSolution
		Debug|Any CPU = Debug|Any CPU
		Release|Any CPU = Release|Any CPU
	EndGlobalSection
	GlobalSection(ProjectConfigurationPlatforms) = postSolution
		{A82C1245-F8E3-4DD5-AEF1-0E7BD7BDDF78}.Debug|Any CPU.ActiveCfg = Debug|Any CPU
		{A82C1245-F8E3-4DD5-AEF1-0E7BD7BDDF78}.Debug|Any CPU.Build.0 = Debug|Any CPU
		{A82C1245-F8E3-4DD5-AEF1-0E7BD7BDDF78}.Release|Any CPU.ActiveCfg = Release|Any CPU
		{A82C1245-F8E3-4DD5-AEF1-0E7BD7BDDF78}.Release|Any CPU.Build.0 = Release|Any CPU
	EndGlobalSection
	GlobalSection(SolutionProperties) = preSolution
		HideSolutionNode = FALSE
	EndGlobalSection
	GlobalSection(ExtensibilityGlobals) = postSolution
		SolutionGuid = {D21A999E-7ED5-4411-AD5F-3B281C876279}
	EndGlobalSection
EndGlobal
