
Microsoft Visual Studio Solution File, Format Version 12.00
# Visual Studio Version 16
VisualStudioVersion = 25.0.1704.2
MinimumVisualStudioVersion = 10.0.40219.1
Project("{FAE04EC0-301F-11D3-BF4B-00C04F79EFBC}") = "JessicaZanon_Class06", "JessicaZanon_Class06\JessicaZanon_Class06.csproj", "{B1709658-045B-47F7-A146-7DAEE8A70BC4}"
EndProject
Global
	GlobalSection(SolutionConfigurationPlatforms) = preSolution
		Debug|Any CPU = Debug|Any CPU
		Release|Any CPU = Release|Any CPU
	EndGlobalSection
	GlobalSection(ProjectConfigurationPlatforms) = postSolution
		{B1709658-045B-47F7-A146-7DAEE8A70BC4}.Debug|Any CPU.ActiveCfg = Debug|Any CPU
		{B1709658-045B-47F7-A146-7DAEE8A70BC4}.Debug|Any CPU.Build.0 = Debug|Any CPU
		{B1709658-045B-47F7-A146-7DAEE8A70BC4}.Release|Any CPU.ActiveCfg = Release|Any CPU
		{B1709658-045B-47F7-A146-7DAEE8A70BC4}.Release|Any CPU.Build.0 = Release|Any CPU
	EndGlobalSection
	GlobalSection(SolutionProperties) = preSolution
		HideSolutionNode = FALSE
	EndGlobalSection
	GlobalSection(ExtensibilityGlobals) = postSolution
		SolutionGuid = {2BE7AE1E-8206-4D2B-9E6F-E159312E238E}
	EndGlobalSection
EndGlobal
